{
  "version": "5",
  "specifiers": {
    "jsr:@denosaurs/plug@1": "1.1.0",
    "jsr:@std/assert@1": "1.0.14",
    "jsr:@std/encoding@1": "1.0.10",
    "jsr:@std/fmt@1": "1.0.8",
    "jsr:@std/fs@1": "1.0.19",
    "jsr:@std/internal@^1.0.10": "1.0.10",
    "jsr:@std/internal@^1.0.9": "1.0.10",
    "jsr:@std/path@1": "1.1.2",
    "jsr:@std/path@^1.1.1": "1.1.2",
    "jsr:@webview/webview@*": "0.9.0",
    "npm:@opentelemetry/api@^1.9.0": "1.9.0",
    "npm:@types/node@*": "24.2.0",
    "npm:ink-big-text@2": "2.0.0_ink@5.2.1__react@18.3.1__react-devtools-core@5.3.2_react@18.3.1_react-devtools-core@5.3.2",
    "npm:ink-form@2": "2.0.1_ink@5.2.1__react@18.3.1__react-devtools-core@5.3.2_react@18.3.1_react-devtools-core@5.3.2",
    "npm:ink-gradient@3": "3.0.0_ink@5.2.1__react@18.3.1__react-devtools-core@5.3.2_react@18.3.1_react-devtools-core@5.3.2",
    "npm:ink-select-input@6": "6.2.0_ink@5.2.1__react@18.3.1__react-devtools-core@5.3.2_react@18.3.1_react-devtools-core@5.3.2",
    "npm:ink-text-input@6": "6.0.0_ink@5.2.1__react@18.3.1__react-devtools-core@5.3.2_react@18.3.1_react-devtools-core@5.3.2",
    "npm:ink@5": "5.2.1_react@18.3.1_react-devtools-core@5.3.2",
    "npm:react-devtools-core@5": "5.3.2",
    "npm:react@18": "18.3.1",
    "npm:typedoc@*": "0.27.9_typescript@5.8.2"
  },
  "jsr": {
    "@denosaurs/plug@1.1.0": {
      "integrity": "eb2f0b7546c7bca2000d8b0282c54d50d91cf6d75cb26a80df25a6de8c4bc044",
      "dependencies": [
        "jsr:@std/encoding",
        "jsr:@std/fmt",
        "jsr:@std/fs",
        "jsr:@std/path@1"
      ]
    },
    "@std/assert@1.0.14": {
      "integrity": "68d0d4a43b365abc927f45a9b85c639ea18a9fab96ad92281e493e4ed84abaa4",
      "dependencies": [
        "jsr:@std/internal@^1.0.10"
      ]
    },
    "@std/encoding@1.0.10": {
      "integrity": "8783c6384a2d13abd5e9e87a7ae0520a30e9f56aeeaa3bdf910a3eaaf5c811a1"
    },
    "@std/fmt@1.0.8": {
      "integrity": "71e1fc498787e4434d213647a6e43e794af4fd393ef8f52062246e06f7e372b7"
    },
    "@std/fs@1.0.19": {
      "integrity": "051968c2b1eae4d2ea9f79a08a3845740ef6af10356aff43d3e2ef11ed09fb06",
      "dependencies": [
        "jsr:@std/internal@^1.0.9",
        "jsr:@std/path@^1.1.1"
      ]
    },
    "@std/internal@1.0.10": {
      "integrity": "e3be62ce42cab0e177c27698e5d9800122f67b766a0bea6ca4867886cbde8cf7"
    },
    "@std/path@1.1.2": {
      "integrity": "c0b13b97dfe06546d5e16bf3966b1cadf92e1cc83e56ba5476ad8b498d9e3038",
      "dependencies": [
        "jsr:@std/internal@^1.0.10"
      ]
    },
    "@webview/webview@0.9.0": {
      "integrity": "a7c4d787aafa43258ff287f71a16679d5ca3d9b65e5d232c60c3985f9ab3e0ce",
      "dependencies": [
        "jsr:@denosaurs/plug"
      ]
    }
  },
  "npm": {
    "@alcalzone/ansi-tokenize@0.1.3": {
      "integrity": "sha512-3yWxPTq3UQ/FY9p1ErPxIyfT64elWaMvM9lIHnaqpyft63tkxodF5aUElYHrdisWve5cETkh1+KBw1yJuW0aRw==",
      "dependencies": [
        "ansi-styles@6.2.3",
        "is-fullwidth-code-point@4.0.0"
      ]
    },
    "@gerrit0/mini-shiki@1.27.2": {
      "integrity": "sha512-GeWyHz8ao2gBiUW4OJnQDxXQnFgZQwwQk05t/CVVgNBN7/rK8XZ7xY6YhLVv9tH3VppWWmr9DCl3MwemB/i+Og==",
      "dependencies": [
        "@shikijs/engine-oniguruma",
        "@shikijs/types",
        "@shikijs/vscode-textmate"
      ]
    },
    "@opentelemetry/api@1.9.0": {
      "integrity": "sha512-3giAOQvZiH5F9bMlMiv8+GSPMeqg0dbaeo58/0SlA9sxSqZhnUtxzX9/2FzyhS9sWQf5S0GJE0AKBrFqjpeYcg=="
    },
    "@shikijs/engine-oniguruma@1.29.2": {
      "integrity": "sha512-7iiOx3SG8+g1MnlzZVDYiaeHe7Ez2Kf2HrJzdmGwkRisT7r4rak0e655AcM/tF9JG/kg5fMNYlLLKglbN7gBqA==",
      "dependencies": [
        "@shikijs/types",
        "@shikijs/vscode-textmate"
      ]
    },
    "@shikijs/types@1.29.2": {
      "integrity": "sha512-VJjK0eIijTZf0QSTODEXCqinjBn0joAHQ+aPSBzrv4O2d/QSbsMw+ZeSRx03kV34Hy7NzUvV/7NqfYGRLrASmw==",
      "dependencies": [
        "@shikijs/vscode-textmate",
        "@types/hast"
      ]
    },
    "@shikijs/vscode-textmate@10.0.2": {
      "integrity": "sha512-83yeghZ2xxin3Nj8z1NMd/NCuca+gsYXswywDy5bHvwlWL8tpTQmzGeUuHd9FC3E/SBEMvzJRwWEOz5gGes9Qg=="
    },
    "@types/gradient-string@1.1.6": {
      "integrity": "sha512-LkaYxluY4G5wR1M4AKQUal2q61Di1yVVCw42ImFTuaIoQVgmV0WP1xUaLB8zwb47mp82vWTpePI9JmrjEnJ7nQ==",
      "dependencies": [
        "@types/tinycolor2"
      ]
    },
    "@types/hast@3.0.4": {
      "integrity": "sha512-WPs+bbQw5aCj+x6laNGWLH3wviHtoCv/P3+otBhbOhJgG8qtpdAMlTCxLtsTWA7LH1Oh/bFCHsBn0TPS5m30EQ==",
      "dependencies": [
        "@types/unist"
      ]
    },
    "@types/node@24.2.0": {
      "integrity": "sha512-3xyG3pMCq3oYCNg7/ZP+E1ooTaGB4cG8JWRsqqOYQdbWNY4zbaV0Ennrd7stjiJEFZCaybcIgpTjJWHRfBSIDw==",
      "dependencies": [
        "undici-types"
      ]
    },
    "@types/tinycolor2@1.4.6": {
      "integrity": "sha512-iEN8J0BoMnsWBqjVbWH/c0G0Hh7O21lpR2/+PrvAVgWdzL7eexIFm4JN/Wn10PTcmNdtS6U67r499mlWMXOxNw=="
    },
    "@types/unist@3.0.3": {
      "integrity": "sha512-ko/gIFJRv177XgZsZcBwnqJN5x/Gien8qNOn0D5bQU/zAzVf9Zt3BlcUiLqhV9y4ARk0GbT3tnUiPNgnTXzc/Q=="
    },
    "ansi-escapes@7.1.0": {
      "integrity": "sha512-YdhtCd19sKRKfAAUsrcC1wzm4JuzJoiX4pOJqIoW2qmKj5WzG/dL8uUJ0361zaXtHqK7gEhOwtAtz7t3Yq3X5g==",
      "dependencies": [
        "environment"
      ]
    },
    "ansi-regex@6.2.2": {
      "integrity": "sha512-Bq3SmSpyFHaWjPk8If9yc6svM8c56dB5BAtW4Qbw5jHTwwXXcTLoRMkpDJp6VL0XzlWaCHTXrkFURMYmD0sLqg=="
    },
    "ansi-styles@4.3.0": {
      "integrity": "sha512-zbB9rCJAT1rbjiVDb2hqKFHNYLxgtk8NURxZ3IZwD3F6NtxbXZQCnnSi1Lkx+IDohdPlFp222wVALIheZJQSEg==",
      "dependencies": [
        "color-convert"
      ]
    },
    "ansi-styles@6.2.3": {
      "integrity": "sha512-4Dj6M28JB+oAH8kFkTLUo+a2jwOFkuqb3yucU0CANcRRUbxS0cP0nZYCGjcc3BNXwRIsUVmDGgzawme7zvJHvg=="
    },
    "argparse@2.0.1": {
      "integrity": "sha512-8+9WqebbFzpX9OR+Wa6O29asIogeRMzcGtAINdpMHHyAg10f05aSFVBbcEqGf/PXw1EjAZ+q2/bEBg3DvurK3Q=="
    },
    "arr-rotate@1.0.0": {
      "integrity": "sha512-yOzOZcR9Tn7enTF66bqKorGGH0F36vcPaSWg8fO0c0UYb3LX3VMXj5ZxEqQLNOecAhlRJ7wYZja5i4jTlnbIfQ=="
    },
    "auto-bind@5.0.1": {
      "integrity": "sha512-ooviqdwwgfIfNmDwo94wlshcdzfO64XV0Cg6oDsDYBJfITDz1EngD2z7DkbvCWn+XIMsIqW27sEVF6qcpJrRcg=="
    },
    "balanced-match@1.0.2": {
      "integrity": "sha512-3oSeUO0TMV67hN1AmbXsK4yaqU7tjiHlbxRDZOpH0KW9+CeX4bRAaX0Anxt0tx2MrpRpWwQaPwIlISEJhYU5Pw=="
    },
    "brace-expansion@2.0.1": {
      "integrity": "sha512-XnAIvQ8eM+kC6aULx6wuQiwVsnzsi9d3WxzV3FpWTGA19F621kwdbsAcFKXgKUHZWsy+mY6iL1sHTxWEFCytDA==",
      "dependencies": [
        "balanced-match"
      ]
    },
    "cfonts@3.3.1": {
      "integrity": "sha512-ZGEmN3W9mViWEDjsuPo4nK4h39sfh6YtoneFYp9WLPI/rw8BaSSrfQC6jkrGW3JMvV3ZnExJB/AEqXc/nHYxkw==",
      "dependencies": [
        "supports-color@8.1.1",
        "window-size"
      ],
      "bin": true
    },
    "chalk@4.1.2": {
      "integrity": "sha512-oKnbhFyRIXpUuez8iBMmyEa4nbj4IOQyuhc/wy9kY7/WVPcwIO9VA668Pu8RkO7+0G76SLROeyw9CpQ061i4mA==",
      "dependencies": [
        "ansi-styles@4.3.0",
        "supports-color@7.2.0"
      ]
    },
    "chalk@5.6.2": {
      "integrity": "sha512-7NzBL0rN6fMUW+f7A6Io4h40qQlG+xGmtMxfbnH/K7TAtt8JQWVQK+6g0UXKMeVJoyV5EkkNsErQ8pVD3bLHbA=="
    },
    "cli-boxes@3.0.0": {
      "integrity": "sha512-/lzGpEWL/8PfI0BmBOPRwp0c/wFNX1RdUML3jK/RcSBA9T8mZDdQpqYBKtCFTOfQbwPqWEOpjqW+Fnayc0969g=="
    },
    "cli-cursor@4.0.0": {
      "integrity": "sha512-VGtlMu3x/4DOtIUwEkRezxUZ2lBacNJCHash0N0WeZDBS+7Ux1dm3XWAgWYxLJFMMdOeXMHXorshEFhbMSGelg==",
      "dependencies": [
        "restore-cursor"
      ]
    },
    "cli-truncate@4.0.0": {
      "integrity": "sha512-nPdaFdQ0h/GEigbPClz11D0v/ZJEwxmeVZGeMo3Z5StPtUTkA9o1lD6QwoirYiSDzbcwn2XcjwmCp68W1IS4TA==",
      "dependencies": [
        "slice-ansi@5.0.0",
        "string-width"
      ]
    },
    "code-excerpt@4.0.0": {
      "integrity": "sha512-xxodCmBen3iy2i0WtAK8FlFNrRzjUqjRsMfho58xT/wvZU1YTM3fCnRjcy1gJPMepaRlgm/0e6w8SpWHpn3/cA==",
      "dependencies": [
        "convert-to-spaces"
      ]
    },
    "color-convert@2.0.1": {
      "integrity": "sha512-RRECPsj7iu/xb5oKYcsFHSppFNnsj/52OVTRKb4zP5onXwVF3zVmmToNcOfGC+CRDpfK/U584fMg38ZHCaElKQ==",
      "dependencies": [
        "color-name"
      ]
    },
    "color-name@1.1.4": {
      "integrity": "sha512-dOy+3AuW3a2wNbZHIuMZpTcgjGuLU/uBL/ubcZF9OXbDo8ff4O8yVp5Bf0efS8uEoYo5q4Fx7dY9OgQGXgAsQA=="
    },
    "convert-to-spaces@2.0.1": {
      "integrity": "sha512-rcQ1bsQO9799wq24uE5AM2tAILy4gXGIK/njFWcVQkGNZ96edlpY+A7bjwvzjYvLDyzmG1MmMLZhpcsb+klNMQ=="
    },
    "define-property@1.0.0": {
      "integrity": "sha512-cZTYKFWspt9jZsMscWo8sc/5lbPC9Q0N5nBLgb+Yd915iL3udB1uFgS3B8YCx66UVHq018DAVFoee7x+gxggeA==",
      "dependencies": [
        "is-descriptor"
      ]
    },
    "emoji-regex@10.5.0": {
      "integrity": "sha512-lb49vf1Xzfx080OKA0o6l8DQQpV+6Vg95zyCJX9VB/BqKYlhG7N4wgROUUHRA+ZPUefLnteQOad7z1kT2bV7bg=="
    },
    "entities@4.5.0": {
      "integrity": "sha512-V0hjH4dGPh9Ao5p0MoRY6BVqtwCjhz6vI5LT8AJ55H+4g9/4vbHx1I54fS0XuclLhDHArPQCiMjDxjaL8fPxhw=="
    },
    "environment@1.1.0": {
      "integrity": "sha512-xUtoPkMggbz0MPyPiIWr1Kp4aeWJjDZ6SMvURhimjdZgsRuDplF5/s9hcgGhyXMhs+6vpnuoiZ2kFiu3FMnS8Q=="
    },
    "es-toolkit@1.39.10": {
      "integrity": "sha512-E0iGnTtbDhkeczB0T+mxmoVlT4YNweEKBLq7oaU4p11mecdsZpNWOglI4895Vh4usbQ+LsJiuLuI2L0Vdmfm2w=="
    },
    "escape-string-regexp@2.0.0": {
      "integrity": "sha512-UpzcLCXolUWcNu5HtVMHYdXJjArjsF9C0aNnquZYY4uW/Vu0miy5YoWvbV345HauVvcAUnpRuhMMcqTcGOY2+w=="
    },
    "escape-string-regexp@5.0.0": {
      "integrity": "sha512-/veY75JbMK4j1yjvuUxuVsiS/hr/4iHs9FTT6cgTexxdE0Ly/glccBAkloH/DofkjRbZU3bnoj38mOmhkZ0lHw=="
    },
    "figures@5.0.0": {
      "integrity": "sha512-ej8ksPF4x6e5wvK9yevct0UCXh8TTFlWGVLlgjZuoBH1HwjIfKE/IdL5mq89sFA7zELi1VhKpmtDnrs7zWyeyg==",
      "dependencies": [
        "escape-string-regexp@5.0.0",
        "is-unicode-supported@1.3.0"
      ]
    },
    "figures@6.1.0": {
      "integrity": "sha512-d+l3qxjSesT4V7v2fh+QnmFnUWv9lSpjarhShNTgBOfA0ttejbQUAlHLitbjkoRiDulW0OPoQPYIGhIC8ohejg==",
      "dependencies": [
        "is-unicode-supported@2.1.0"
      ]
    },
    "function-bind@1.1.2": {
      "integrity": "sha512-7XHNxH7qX9xG5mIwxkhumTox/MIRNcOgDrxWsMt2pAr23WHp6MrRlN7FBSFpCpr+oVO0F744iUgR82nJMfG2SA=="
    },
    "get-east-asian-width@1.4.0": {
      "integrity": "sha512-QZjmEOC+IT1uk6Rx0sX22V6uHWVwbdbxf1faPqJ1QhLdGgsRGCZoyaQBm/piRdJy/D2um6hM1UP7ZEeQ4EkP+Q=="
    },
    "gradient-string@2.0.2": {
      "integrity": "sha512-rEDCuqUQ4tbD78TpzsMtt5OIf0cBCSDWSJtUDaF6JsAh+k0v9r++NzxNEG87oDZx9ZwGhD8DaezR2L/yrw0Jdw==",
      "dependencies": [
        "chalk@4.1.2",
        "tinygradient"
      ]
    },
    "has-flag@4.0.0": {
      "integrity": "sha512-EykJT/Q1KjTWctppgIAgfSO0tKVuZUjhgMr17kqTumMl6Afv3EISleU7qZUzoXDFTAHTDC4NOoG/ZxU3EvlMPQ=="
    },
    "hasown@2.0.2": {
      "integrity": "sha512-0hJU9SCPvmMzIBdZFqNPXWa6dqh7WdH0cII9y+CyS8rG3nL48Bclra9HmKhVVUHyPWNH5Y7xDwAB7bfgSjkUMQ==",
      "dependencies": [
        "function-bind"
      ]
    },
    "indent-string@5.0.0": {
      "integrity": "sha512-m6FAo/spmsW2Ab2fU35JTYwtOKa2yAwXSwgjSv1TJzh4Mh7mC3lzAOVLBprb72XsTrgkEIsl7YrFNAiDiRhIGg=="
    },
    "ink-big-text@2.0.0_ink@5.2.1__react@18.3.1__react-devtools-core@5.3.2_react@18.3.1_react-devtools-core@5.3.2": {
      "integrity": "sha512-Juzqv+rIOLGuhMJiE50VtS6dg6olWfzFdL7wsU/EARSL5Eaa5JNXMogMBm9AkjgzO2Y3UwWCOh87jbhSn8aNdw==",
      "dependencies": [
        "cfonts",
        "ink",
        "prop-types",
        "react"
      ]
    },
    "ink-form@2.0.1_ink@5.2.1__react@18.3.1__react-devtools-core@5.3.2_react@18.3.1_react-devtools-core@5.3.2": {
      "integrity": "sha512-vo0VMwHf+HOOJo7026K4vJEN8xm4sP9iWlQLx4bngNEEY5K8t30CUvVjQCCNAV6Mt2ODt2Aq+2crCuBONReJUg==",
      "dependencies": [
        "ink",
        "ink-select-input@5.0.0_ink@5.2.1__react@18.3.1__react-devtools-core@5.3.2_react@18.3.1_react-devtools-core@5.3.2",
        "ink-text-input",
        "react"
      ]
    },
    "ink-gradient@3.0.0_ink@5.2.1__react@18.3.1__react-devtools-core@5.3.2_react@18.3.1_react-devtools-core@5.3.2": {
      "integrity": "sha512-OVyPBovBxE1tFcBhSamb+P1puqDP6pG3xFe2W9NiLgwUZd9RbcjBeR7twLbliUT9navrUstEf1ZcPKKvx71BsQ==",
      "dependencies": [
        "@types/gradient-string",
        "gradient-string",
        "ink",
        "prop-types",
        "strip-ansi"
      ]
    },
    "ink-select-input@5.0.0_ink@5.2.1__react@18.3.1__react-devtools-core@5.3.2_react@18.3.1_react-devtools-core@5.3.2": {
      "integrity": "sha512-VkLEogN3KTgAc0W/u9xK3+44x8JyKfmBvPQyvniJ/Hj0ftg9vWa/YecvZirevNv2SAvgoA2GIlTLCQouzgPKDg==",
      "dependencies": [
        "arr-rotate",
        "figures@5.0.0",
        "ink",
        "lodash.isequal",
        "react"
      ]
    },
    "ink-select-input@6.2.0_ink@5.2.1__react@18.3.1__react-devtools-core@5.3.2_react@18.3.1_react-devtools-core@5.3.2": {
      "integrity": "sha512-304fZXxkpYxJ9si5lxRCaX01GNlmPBgOZumXXRnPYbHW/iI31cgQynqk2tRypGLOF1cMIwPUzL2LSm6q4I5rQQ==",
      "dependencies": [
        "figures@6.1.0",
        "ink",
        "react",
        "to-rotated"
      ]
    },
    "ink-text-input@6.0.0_ink@5.2.1__react@18.3.1__react-devtools-core@5.3.2_react@18.3.1_react-devtools-core@5.3.2": {
      "integrity": "sha512-Fw64n7Yha5deb1rHY137zHTAbSTNelUKuB5Kkk2HACXEtwIHBCf9OH2tP/LQ9fRYTl1F0dZgbW0zPnZk6FA9Lw==",
      "dependencies": [
        "chalk@5.6.2",
        "ink",
        "react",
        "type-fest"
      ]
    },
    "ink@5.2.1_react@18.3.1_react-devtools-core@5.3.2": {
      "integrity": "sha512-BqcUyWrG9zq5HIwW6JcfFHsIYebJkWWb4fczNah1goUO0vv5vneIlfwuS85twyJ5hYR/y18FlAYUxrO9ChIWVg==",
      "dependencies": [
        "@alcalzone/ansi-tokenize",
        "ansi-escapes",
        "ansi-styles@6.2.3",
        "auto-bind",
        "chalk@5.6.2",
        "cli-boxes",
        "cli-cursor",
        "cli-truncate",
        "code-excerpt",
        "es-toolkit",
        "indent-string",
        "is-in-ci",
        "patch-console",
        "react",
        "react-devtools-core",
        "react-reconciler",
        "scheduler",
        "signal-exit",
        "slice-ansi@7.1.2",
        "stack-utils",
        "string-width",
        "type-fest",
        "widest-line",
        "wrap-ansi",
        "ws@8.18.3",
        "yoga-layout"
      ],
      "optionalPeers": [
        "react-devtools-core"
      ]
    },
    "is-accessor-descriptor@1.0.1": {
      "integrity": "sha512-YBUanLI8Yoihw923YeFUS5fs0fF2f5TSFTNiYAAzhhDscDa3lEqYuz1pDOEP5KvX94I9ey3vsqjJcLVFVU+3QA==",
      "dependencies": [
        "hasown"
      ]
    },
    "is-buffer@1.1.6": {
      "integrity": "sha512-NcdALwpXkTm5Zvvbk7owOUSvVvBKDgKP5/ewfXEznmQFfs4ZRmanOeKBTjRVjka3QFoN6XJ+9F3USqfHqTaU5w=="
    },
    "is-data-descriptor@1.0.1": {
      "integrity": "sha512-bc4NlCDiCr28U4aEsQ3Qs2491gVq4V8G7MQyws968ImqjKuYtTJXrl7Vq7jsN7Ly/C3xj5KWFrY7sHNeDkAzXw==",
      "dependencies": [
        "hasown"
      ]
    },
    "is-descriptor@1.0.3": {
      "integrity": "sha512-JCNNGbwWZEVaSPtS45mdtrneRWJFp07LLmykxeFV5F6oBvNF8vHSfJuJgoT472pSfk+Mf8VnlrspaFBHWM8JAw==",
      "dependencies": [
        "is-accessor-descriptor",
        "is-data-descriptor"
      ]
    },
    "is-fullwidth-code-point@4.0.0": {
      "integrity": "sha512-O4L094N2/dZ7xqVdrXhh9r1KODPJpFms8B5sGdJLPy664AgvXsreZUyCQQNItZRDlYug4xStLjNp/sz3HvBowQ=="
    },
    "is-fullwidth-code-point@5.1.0": {
      "integrity": "sha512-5XHYaSyiqADb4RnZ1Bdad6cPp8Toise4TzEjcOYDHZkTCbKgiUl7WTUCpNWHuxmDt91wnsZBc9xinNzopv3JMQ==",
      "dependencies": [
        "get-east-asian-width"
      ]
    },
    "is-in-ci@1.0.0": {
      "integrity": "sha512-eUuAjybVTHMYWm/U+vBO1sY/JOCgoPCXRxzdju0K+K0BiGW0SChEL1MLC0PoCIR1OlPo5YAp8HuQoUlsWEICwg==",
      "bin": true
    },
    "is-number@3.0.0": {
      "integrity": "sha512-4cboCqIpliH+mAvFNegjZQ4kgKc3ZUhQVr3HvWbSh5q3WH2v82ct+T2Y1hdU5Gdtorx/cLifQjqCbL7bpznLTg==",
      "dependencies": [
        "kind-of"
      ]
    },
    "is-unicode-supported@1.3.0": {
      "integrity": "sha512-43r2mRvz+8JRIKnWJ+3j8JtjRKZ6GmjzfaE/qiBJnikNnYv/6bagRJ1kUhNk8R5EX/GkobD+r+sfxCPJsiKBLQ=="
    },
    "is-unicode-supported@2.1.0": {
      "integrity": "sha512-mE00Gnza5EEB3Ds0HfMyllZzbBrmLOX3vfWoj9A9PEnTfratQ/BcaJOuMhnkhjXvb2+FkY3VuHqtAGpTPmglFQ=="
    },
    "js-tokens@4.0.0": {
      "integrity": "sha512-RdJUflcE3cUzKiMqQgsCu06FPu9UdIJO0beYbPhHN4k6apgJtifcoCtT9bcxOpYBtpD2kCM6Sbzg4CausW/PKQ=="
    },
    "kind-of@3.2.2": {
      "integrity": "sha512-NOW9QQXMoZGg/oqnVNoNTTIFEIid1627WCffUBJEdMxYApq7mNE7CpzucIPc+ZQg25Phej7IJSmX3hO+oblOtQ==",
      "dependencies": [
        "is-buffer"
      ]
    },
    "linkify-it@5.0.0": {
      "integrity": "sha512-5aHCbzQRADcdP+ATqnDuhhJ/MRIqDkZX5pyjFHRRysS8vZ5AbqGEoFIb6pYHPZ+L/OC2Lc+xT8uHVVR5CAK/wQ==",
      "dependencies": [
        "uc.micro"
      ]
    },
    "lodash.isequal@4.5.0": {
      "integrity": "sha512-pDo3lu8Jhfjqls6GkMgpahsF9kCyayhgykjyLMNFTKWrpVdAQtYyB4muAMWozBB4ig/dtWAmsMxLEI8wuz+DYQ==",
      "deprecated": true
    },
    "loose-envify@1.4.0": {
      "integrity": "sha512-lyuxPGr/Wfhrlem2CL/UcnUc1zcqKAImBDzukY7Y5F/yQiNdko6+fRLevlw1HgMySw7f611UIY408EtxRSoK3Q==",
      "dependencies": [
        "js-tokens"
      ],
      "bin": true
    },
    "lunr@2.3.9": {
      "integrity": "sha512-zTU3DaZaF3Rt9rhN3uBMGQD3dD2/vFQqnvZCDv4dl5iOzq2IZQqTxu90r4E5J+nP70J3ilqVCrbho2eWaeW8Ow=="
    },
    "markdown-it@14.1.0": {
      "integrity": "sha512-a54IwgWPaeBCAAsv13YgmALOF1elABB08FxO9i+r4VFk5Vl4pKokRPeX8u5TCgSsPi6ec1otfLjdOpVcgbpshg==",
      "dependencies": [
        "argparse",
        "entities",
        "linkify-it",
        "mdurl",
        "punycode.js",
        "uc.micro"
      ],
      "bin": true
    },
    "mdurl@2.0.0": {
      "integrity": "sha512-Lf+9+2r+Tdp5wXDXC4PcIBjTDtq4UKjCPMQhKIuzpJNW0b96kVqSwW0bT7FhRSfmAiFYgP+SCRvdrDozfh0U5w=="
    },
    "mimic-fn@2.1.0": {
      "integrity": "sha512-OqbOk5oEQeAZ8WXWydlu9HJjz9WVdEIvamMCcXmuqUYjTknH/sqsWvhQ3vgwKFRR1HpjvNBKQ37nbJgYzGqGcg=="
    },
    "minimatch@9.0.5": {
      "integrity": "sha512-G6T0ZX48xgozx7587koeX9Ys2NYy6Gmv//P89sEte9V9whIapMNF4idKxnW2QtCcLiTWlb/wfCabAtAFWhhBow==",
      "dependencies": [
        "brace-expansion"
      ]
    },
    "object-assign@4.1.1": {
      "integrity": "sha512-rJgTQnkUnH1sFw8yT6VSU3zD3sWmu6sZhIseY8VX+GRu3P6F7Fu+JNDoXfklElbLJSnc3FUQHVe4cU5hj+BcUg=="
    },
    "onetime@5.1.2": {
      "integrity": "sha512-kbpaSSGJTWdAY5KPVeMOKXSrPtr8C8C7wodJbcsd51jRnmD+GZu8Y0VoU6Dm5Z4vWr0Ig/1NKuWRKf7j5aaYSg==",
      "dependencies": [
        "mimic-fn"
      ]
    },
    "patch-console@2.0.0": {
      "integrity": "sha512-0YNdUceMdaQwoKce1gatDScmMo5pu/tfABfnzEqeG0gtTmd7mh/WcwgUjtAeOU7N8nFFlbQBnFK2gXW5fGvmMA=="
    },
    "prop-types@15.8.1": {
      "integrity": "sha512-oj87CgZICdulUohogVAR7AjlC0327U4el4L6eAvOqCeudMDVU0NThNaV+b9Df4dXgSP1gXMTnPdhfe/2qDH5cg==",
      "dependencies": [
        "loose-envify",
        "object-assign",
        "react-is"
      ]
    },
    "punycode.js@2.3.1": {
      "integrity": "sha512-uxFIHU0YlHYhDQtV4R9J6a52SLx28BCjT+4ieh7IGbgwVJWO+km431c4yRlREUAsAmt/uMjQUyQHNEPf0M39CA=="
    },
    "react-devtools-core@5.3.2": {
      "integrity": "sha512-crr9HkVrDiJ0A4zot89oS0Cgv0Oa4OG1Em4jit3P3ZxZSKPMYyMjfwMqgcJna9o625g8oN87rBm8SWWrSTBZxg==",
      "dependencies": [
        "shell-quote",
        "ws@7.5.10"
      ]
    },
    "react-is@16.13.1": {
      "integrity": "sha512-24e6ynE2H+OKt4kqsOvNd8kBpV65zoxbA4BVsEOB3ARVWQki/DHzaUoC5KuON/BiccDaCCTZBuOcfZs70kR8bQ=="
    },
    "react-reconciler@0.29.2_react@18.3.1": {
      "integrity": "sha512-zZQqIiYgDCTP/f1N/mAR10nJGrPD2ZR+jDSEsKWJHYC7Cm2wodlwbR3upZRdC3cjIjSlTLNVyO7Iu0Yy7t2AYg==",
      "dependencies": [
        "loose-envify",
        "react",
        "scheduler"
      ]
    },
    "react@18.3.1": {
      "integrity": "sha512-wS+hAgJShR0KhEvPJArfuPVN1+Hz1t0Y6n5jLrGQbkb4urgPE/0Rve+1kMB1v/oWgHgm4WIcV+i7F2pTVj+2iQ==",
      "dependencies": [
        "loose-envify"
      ]
    },
    "restore-cursor@4.0.0": {
      "integrity": "sha512-I9fPXU9geO9bHOt9pHHOhOkYerIMsmVaWB0rA2AI9ERh/+x/i7MV5HKBNrg+ljO5eoPVgCcnFuRjJ9uH6I/3eg==",
      "dependencies": [
        "onetime",
        "signal-exit"
      ]
    },
    "scheduler@0.23.2": {
      "integrity": "sha512-UOShsPwz7NrMUqhR6t0hWjFduvOzbtv7toDH1/hIrfRNIDBnnBWd0CwJTGvTpngVlmwGCdP9/Zl/tVrDqcuYzQ==",
      "dependencies": [
        "loose-envify"
      ]
    },
    "shell-quote@1.8.3": {
      "integrity": "sha512-ObmnIF4hXNg1BqhnHmgbDETF8dLPCggZWBjkQfhZpbszZnYur5DUljTcCHii5LC3J5E0yeO/1LIMyH+UvHQgyw=="
    },
    "signal-exit@3.0.7": {
      "integrity": "sha512-wnD2ZE+l+SPC/uoS0vXeE9L1+0wuaMqKlfz9AMUo38JsyLSBWSFcHR1Rri62LZc12vLr1gb3jl7iwQhgwpAbGQ=="
    },
    "slice-ansi@5.0.0": {
      "integrity": "sha512-FC+lgizVPfie0kkhqUScwRu1O/lF6NOgJmlCgK+/LYxDCTk8sGelYaHDhFcDN+Sn3Cv+3VSa4Byeo+IMCzpMgQ==",
      "dependencies": [
        "ansi-styles@6.2.3",
        "is-fullwidth-code-point@4.0.0"
      ]
    },
    "slice-ansi@7.1.2": {
      "integrity": "sha512-iOBWFgUX7caIZiuutICxVgX1SdxwAVFFKwt1EvMYYec/NWO5meOJ6K5uQxhrYBdQJne4KxiqZc+KptFOWFSI9w==",
      "dependencies": [
        "ansi-styles@6.2.3",
        "is-fullwidth-code-point@5.1.0"
      ]
    },
    "stack-utils@2.0.6": {
      "integrity": "sha512-XlkWvfIm6RmsWtNJx+uqtKLS8eqFbxUg0ZzLXqY0caEy9l7hruX8IpiDnjsLavoBgqCCR71TqWO8MaXYheJ3RQ==",
      "dependencies": [
        "escape-string-regexp@2.0.0"
      ]
    },
    "string-width@7.2.0": {
      "integrity": "sha512-tsaTIkKW9b4N+AEj+SVA+WhJzV7/zMhcSu78mLKWSk7cXMOSHsBKFWUs0fWwq8QyK3MgJBQRX6Gbi4kYbdvGkQ==",
      "dependencies": [
        "emoji-regex",
        "get-east-asian-width",
        "strip-ansi"
      ]
    },
    "strip-ansi@7.1.2": {
      "integrity": "sha512-gmBGslpoQJtgnMAvOVqGZpEz9dyoKTCzy2nfz/n8aIFhN/jCE/rCmcxabB6jOOHV+0WNnylOxaxBQPSvcWklhA==",
      "dependencies": [
        "ansi-regex"
      ]
    },
    "supports-color@7.2.0": {
      "integrity": "sha512-qpCAvRl9stuOHveKsn7HncJRvv501qIacKzQlO/+Lwxc9+0q2wLyv4Dfvt80/DPn2pqOBsJdDiogXGR9+OvwRw==",
      "dependencies": [
        "has-flag"
      ]
    },
    "supports-color@8.1.1": {
      "integrity": "sha512-MpUEN2OodtUzxvKQl72cUF7RQ5EiHsGvSsVG0ia9c5RbWGL2CI4C7EpPS8UTBIplnlzZiNuV56w+FuNxy3ty2Q==",
      "dependencies": [
        "has-flag"
      ]
    },
    "tinycolor2@1.6.0": {
      "integrity": "sha512-XPaBkWQJdsf3pLKJV9p4qN/S+fm2Oj8AIPo1BTUhg5oxkvm9+SVEGFdhyOz7tTdUTfvxMiAs4sp6/eZO2Ew+pw=="
    },
    "tinygradient@1.1.5": {
      "integrity": "sha512-8nIfc2vgQ4TeLnk2lFj4tRLvvJwEfQuabdsmvDdQPT0xlk9TaNtpGd6nNRxXoK6vQhN6RSzj+Cnp5tTQmpxmbw==",
      "dependencies": [
        "@types/tinycolor2",
        "tinycolor2"
      ]
    },
    "to-rotated@1.0.0": {
      "integrity": "sha512-KsEID8AfgUy+pxVRLsWp0VzCa69wxzUDZnzGbyIST/bcgcrMvTYoFBX/QORH4YApoD89EDuUovx4BTdpOn319Q=="
    },
    "type-fest@4.41.0": {
      "integrity": "sha512-TeTSQ6H5YHvpqVwBRcnLDCBnDOHWYu7IvGbHT6N8AOymcr9PJGjc1GTtiWZTYg0NCgYwvnYWEkVChQAr9bjfwA=="
    },
    "typedoc@0.27.9_typescript@5.8.2": {
      "integrity": "sha512-/z585740YHURLl9DN2jCWe6OW7zKYm6VoQ93H0sxZ1cwHQEQrUn5BJrEnkWhfzUdyO+BLGjnKUZ9iz9hKloFDw==",
      "dependencies": [
        "@gerrit0/mini-shiki",
        "lunr",
        "markdown-it",
        "minimatch",
        "typescript",
        "yaml"
      ],
      "bin": true
    },
    "typescript@5.8.2": {
      "integrity": "sha512-aJn6wq13/afZp/jT9QZmwEjDqqvSGp1VT5GVg+f/t6/oVyrgXM6BY1h9BRh/O5p3PlUPAe+WuiEZOmb/49RqoQ==",
      "bin": true
    },
    "uc.micro@2.1.0": {
      "integrity": "sha512-ARDJmphmdvUk6Glw7y9DQ2bFkKBHwQHLi2lsaH6PPmz/Ka9sFOBsBluozhDltWmnv9u/cF6Rt87znRTPV+yp/A=="
    },
    "undici-types@7.10.0": {
      "integrity": "sha512-t5Fy/nfn+14LuOc2KNYg75vZqClpAiqscVvMygNnlsHBFpSXdJaYtXMcdNLpl/Qvc3P2cB3s6lOV51nqsFq4ag=="
    },
    "widest-line@5.0.0": {
      "integrity": "sha512-c9bZp7b5YtRj2wOe6dlj32MK+Bx/M/d+9VB2SHM1OtsUHR0aV0tdP6DWh/iMt0kWi1t5g1Iudu6hQRNd1A4PVA==",
      "dependencies": [
        "string-width"
      ]
    },
    "window-size@1.1.1": {
      "integrity": "sha512-5D/9vujkmVQ7pSmc0SCBmHXbkv6eaHwXEx65MywhmUMsI8sGqJ972APq1lotfcwMKPFLuCFfL8xGHLIp7jaBmA==",
      "dependencies": [
        "define-property",
        "is-number"
      ],
      "bin": true
    },
    "wrap-ansi@9.0.2": {
      "integrity": "sha512-42AtmgqjV+X1VpdOfyTGOYRi0/zsoLqtXQckTmqTeybT+BDIbM/Guxo7x3pE2vtpr1ok6xRqM9OpBe+Jyoqyww==",
      "dependencies": [
        "ansi-styles@6.2.3",
        "string-width",
        "strip-ansi"
      ]
    },
    "ws@7.5.10": {
      "integrity": "sha512-+dbF1tHwZpXcbOJdVOkzLDxZP1ailvSxM6ZweXTegylPny803bFhA+vqBYw4s31NSAk4S2Qz+AKXK9a4wkdjcQ=="
    },
    "ws@8.18.3": {
      "integrity": "sha512-PEIGCY5tSlUt50cqyMXfCzX+oOPqN0vuGqWzbcJ2xvnkzkq46oOpz7dQaTDBdfICb4N14+GARUDw2XV2N4tvzg=="
    },
    "yaml@2.7.0": {
      "integrity": "sha512-+hSoy/QHluxmC9kCIJyL/uyFmLmc+e5CFR5Wa+bpIhIj85LVb9ZH2nVnqrHoSvKogwODv0ClqZkmiSSaIH5LTA==",
      "bin": true
    },
    "yoga-layout@3.2.1": {
      "integrity": "sha512-0LPOt3AxKqMdFBZA3HBAt/t/8vIKq7VaQYbuA8WxCgung+p9TVyKRYdpvCb80HcdTN2NkbIKbhNwKUfm3tQywQ=="
    }
  },
  "workspace": {
    "dependencies": [
      "jsr:@std/assert@1",
      "jsr:@std/path@1",
      "jsr:@std/testing@1",
      "jsr:@webview/webview@*",
      "npm:@opentelemetry/api@^1.9.0",
      "npm:ink-big-text@2",
      "npm:ink-form@2",
      "npm:ink-gradient@3",
      "npm:ink-select-input@6",
      "npm:ink-text-input@6",
      "npm:ink@5",
      "npm:react-devtools-core@5",
      "npm:react@18"
    ]
  }
}
